{
  "lockfileVersion": 2,
  "configVersion": 1,
  "workspaces": {
    "": {
      "name": "pocket-tank-installer",
      "dependencies": {
        "esp-web-tools": "10.4.0",
      },
    },
  },
  "packages": {
    "@lit-labs/ssr-dom-shim": ["@lit-labs/ssr-dom-shim@1.6.0", "", {}, "sha512-VHb0ALPMTlgKjM6yIxxoQNnpKyUKLD04VzeQdsiXkMqkvYlAHxq9glGLmgbb889/1GsohSOAjvQYoiBppXFqrQ=="],

    "@lit/context": ["@lit/context@1.1.6", "", { "dependencies": { "@lit/reactive-element": "^1.6.2 || ^2.1.0" } }, "sha512-M26qDE6UkQbZA2mQ3RjJ3Gzd8TxP+/0obMgE5HfkfLhEEyYE3Bui4A5XHiGPjy0MUGAyxB3QgVuw2ciS0kHn6A=="],

    "@lit/reactive-element": ["@lit/reactive-element@2.1.2", "", { "dependencies": { "@lit-labs/ssr-dom-shim": "^1.5.0" } }, "sha512-pbCDiVMnne1lYUIaYNN5wrwQXDtHaYtg7YEFPeW+hws6U47WeFvISGUWekPGKWOP1ygrs0ef0o1VJMk1exos5A=="],

    "@material/web": ["@material/web@2.5.0", "", { "dependencies": { "@lit/context": "^1.1.6", "lit": "^2.8.0 || ^3.0.0", "tslib": "^2.4.0" } }, "sha512-x2Uovyq8E/Zc1xHXd9s1eBMXF5pMHVAt70pISKd0fL3Ajj4L6zQaQUY/awcfR2RDAMKXC7i4+vr0arv1YaOR/g=="],

    "@types/trusted-types": ["@types/trusted-types@2.0.7", "", {}, "sha512-ScaPdn1dQczgbl0QFTeTOmVHFULt394XJgOQNoyVhZ6r2vLnMLJfBPd53SB52T/3G36VI1/g2MZaX0cwDuXsfw=="],

    "atob-lite": ["atob-lite@2.0.0", "", {}, "sha512-LEeSAWeh2Gfa2FtlQE1shxQ8zi5F9GHarrGKz08TMdODD5T4eH6BMsvtnhbWZ+XQn+Gb6om/917ucvRu7l7ukw=="],

    "esp-web-tools": ["esp-web-tools@10.4.0", "", { "dependencies": { "@material/web": "^2.2.0", "esptool-js": "^0.6.0", "improv-wifi-serial-sdk": "2.8.0", "lit": "^3.2.1", "tslib": "^2.8.1" } }, "sha512-3pwkeFFm5Fj7UQo8SJNYK5RXrtNCpq6X9QoI6bMT4GBZWgrJqjn0YvM9ihG74BtMoSFYXfmDtkehuxe50PTMPQ=="],

    "esptool-js": ["esptool-js@0.6.1", "", { "dependencies": { "atob-lite": "^2.0.0", "pako": "^2.1.0", "tslib": "^2.4.1" } }, "sha512-WNgQTfaEIgHyEiT56pI5v7Tq6Pzjc2XaibLxAtWY4v3zE2Ofk5ImkJY5foEUr0JrdkfHWf6rNizAewN4/kSpHw=="],

    "improv-wifi-serial-sdk": ["improv-wifi-serial-sdk@2.8.0", "", { "dependencies": { "@material/web": "^2.4.1", "tslib": "^2.8.1" } }, "sha512-3MCm9NAD6c4OXyXl+jPqu0kNasIZi80JVeDkPaOQEI4JpItCaOAyQGdL/yg5mOqlKJ0nn2K/xb8H7enbNPc/5g=="],

    "lit": ["lit@3.3.3", "", { "dependencies": { "@lit/reactive-element": "^2.1.0", "lit-element": "^4.2.0", "lit-html": "^3.3.0" } }, "sha512-fycuvZg/hkpozL00lm1pEJH5nN/lr9ZXd6mJI2HSN4+Bzc+LDNdEApJ6HFbPkdFNHLvOplIIuJvxkS4XUxqirw=="],

    "lit-element": ["lit-element@4.2.2", "", { "dependencies": { "@lit-labs/ssr-dom-shim": "^1.5.0", "@lit/reactive-element": "^2.1.0", "lit-html": "^3.3.0" } }, "sha512-aFKhNToWxoyhkNDmWZwEva2SlQia+jfG0fjIWV//YeTaWrVnOxD89dPKfigCUspXFmjzOEUQpOkejH5Ly6sG0w=="],

    "lit-html": ["lit-html@3.3.3", "", { "dependencies": { "@types/trusted-types": "^2.0.2" } }, "sha512-el8M6jK2o3RXBnrSHX3ZKrsN8zEV63pSExTO1wYJz7QndGYZ8353e2a5PPX+qHe2aGayfnchQmkAojaWAREOIA=="],

    "pako": ["pako@2.2.0", "", {}, "sha512-zJq6RP/5q+TO2OpFV3FHzlPnFjmkb7Nc99a5SNjJE+uu/PkpChs+NIZSSzbBoD+6kjiISXjfYdwj1ZRQ81dz/w=="],

    "tslib": ["tslib@2.8.1", "", {}, "sha512-oJFu94HQb+KVduSUQL7wnpmqnfmLsOA/nAh6b6EH0wCEoK0/mPeXU6c3wKDV83MkOuHPRHtSXKKU99IBazS/2w=="],
  }
}
